
Microsoft Visual Studio Solution File, Format Version 12.00
# Visual Studio Version 17
VisualStudioVersion = 17.0.31903.59
MinimumVisualStudioVersion = 10.0.40219.1
Project("{FAE04EC0-301F-11D3-BF4B-00C04F79EFBC}") = "Tests", "Tests\Tests.csproj", "{BC03EA8F-CA71-4C27-8BBF-6E3EBB830C42}"
EndProject
Project("{FAE04EC0-301F-11D3-BF4B-00C04F79EFBC}") = "Domain", "Domain\Domain.csproj", "{500B34EE-02E7-4C65-A1F8-7FD58EC20892}"
EndProject
Project("{FAE04EC0-301F-11D3-BF4B-00C04F79EFBC}") = "Infraestructure", "Infraestructure\Infraestructure.csproj", "{2453D61A-258A-49F9-BBC3-BE0FE848D2B9}"
EndProject
Project("{FAE04EC0-301F-11D3-BF4B-00C04F79EFBC}") = "Application", "Application\Application.csproj", "{A0EC51DC-CCBA-4C6D-8E95-73882FD061AD}"
EndProject
Project("{FAE04EC0-301F-11D3-BF4B-00C04F79EFBC}") = "WebApi", "WebApi\WebApi.csproj", "{FE89E110-27CA-4DC7-B092-02B0C8716C4E}"
EndProject
Global
	GlobalSection(SolutionConfigurationPlatforms) = preSolution
		Debug|Any CPU = Debug|Any CPU
		Release|Any CPU = Release|Any CPU
	EndGlobalSection
	GlobalSection(SolutionProperties) = preSolution
		HideSolutionNode = FALSE
	EndGlobalSection
	GlobalSection(ProjectConfigurationPlatforms) = postSolution
		{BC03EA8F-CA71-4C27-8BBF-6E3EBB830C42}.Debug|Any CPU.ActiveCfg = Debug|Any CPU
		{BC03EA8F-CA71-4C27-8BBF-6E3EBB830C42}.Debug|Any CPU.Build.0 = Debug|Any CPU
		{BC03EA8F-CA71-4C27-8BBF-6E3EBB830C42}.Release|Any CPU.ActiveCfg = Release|Any CPU
		{BC03EA8F-CA71-4C27-8BBF-6E3EBB830C42}.Release|Any CPU.Build.0 = Release|Any CPU
		{500B34EE-02E7-4C65-A1F8-7FD58EC20892}.Debug|Any CPU.ActiveCfg = Debug|Any CPU
		{500B34EE-02E7-4C65-A1F8-7FD58EC20892}.Debug|Any CPU.Build.0 = Debug|Any CPU
		{500B34EE-02E7-4C65-A1F8-7FD58EC20892}.Release|Any CPU.ActiveCfg = Release|Any CPU
		{500B34EE-02E7-4C65-A1F8-7FD58EC20892}.Release|Any CPU.Build.0 = Release|Any CPU
		{2453D61A-258A-49F9-BBC3-BE0FE848D2B9}.Debug|Any CPU.ActiveCfg = Debug|Any CPU
		{2453D61A-258A-49F9-BBC3-BE0FE848D2B9}.Debug|Any CPU.Build.0 = Debug|Any CPU
		{2453D61A-258A-49F9-BBC3-BE0FE848D2B9}.Release|Any CPU.ActiveCfg = Release|Any CPU
		{2453D61A-258A-49F9-BBC3-BE0FE848D2B9}.Release|Any CPU.Build.0 = Release|Any CPU
		{A0EC51DC-CCBA-4C6D-8E95-73882FD061AD}.Debug|Any CPU.ActiveCfg = Debug|Any CPU
		{A0EC51DC-CCBA-4C6D-8E95-73882FD061AD}.Debug|Any CPU.Build.0 = Debug|Any CPU
		{A0EC51DC-CCBA-4C6D-8E95-73882FD061AD}.Release|Any CPU.ActiveCfg = Release|Any CPU
		{A0EC51DC-CCBA-4C6D-8E95-73882FD061AD}.Release|Any CPU.Build.0 = Release|Any CPU
		{FE89E110-27CA-4DC7-B092-02B0C8716C4E}.Debug|Any CPU.ActiveCfg = Debug|Any CPU
		{FE89E110-27CA-4DC7-B092-02B0C8716C4E}.Debug|Any CPU.Build.0 = Debug|Any CPU
		{FE89E110-27CA-4DC7-B092-02B0C8716C4E}.Release|Any CPU.ActiveCfg = Release|Any CPU
		{FE89E110-27CA-4DC7-B092-02B0C8716C4E}.Release|Any CPU.Build.0 = Release|Any CPU
	EndGlobalSection
EndGlobal
